<?xml version="1.0" encoding="utf-8"?>
<Project ToolsVersion="4.0" xmlns="http://schemas.microsoft.com/developer/msbuild/2003">
  <ItemGroup>
    <Filter Include="Source Files">
      <UniqueIdentifier>{4FC737F1-C7A5-4376-A066-2A32D752A2FF}</UniqueIdentifier>
      <Extensions>cpp;c;cc;cxx;c++;cppm;ixx;def;odl;idl;hpj;bat;asm;asmx</Extensions>
    </Filter>
    <Filter Include="Header Files">
      <UniqueIdentifier>{93995380-89BD-4b04-88EB-625FBE52EBFB}</UniqueIdentifier>
      <Extensions>h;hh;hpp;hxx;h++;hm;inl;inc;ipp;xsd</Extensions>
    </Filter>
    <Filter Include="Resource Files">
      <UniqueIdentifier>{67DA6AB6-F800-4c08-8B7A-83BB121AAD01}</UniqueIdentifier>
      <Extensions>rc;ico;cur;bmp;dlg;rc2;rct;bin;rgs;gif;jpg;jpeg;jpe;resx;tiff;tif;png;wav;mfcribbon-ms</Extensions>
    </Filter>
    <Filter Include="Source Files\basic">
      <UniqueIdentifier>{3ee3ce4b-ef80-4212-8370-63f8a973d32a}</UniqueIdentifier>
    </Filter>
    <Filter Include="Source Files\backtrace">
      <UniqueIdentifier>{55183518-6008-4aef-a8c4-846f49e80001}</UniqueIdentifier>
    </Filter>
  </ItemGroup>
  <ItemGroup>
    <ClInclude Include="..\..\..\src\core\basic\crash_investigator_alloc_dealloc.hpp">
      <Filter>Header Files</Filter>
    </ClInclude>
    <ClInclude Include="..\..\..\include\crash_investigator\crash_investigator_malloc_free_hook.h">
      <Filter>Header Files</Filter>
    </ClInclude>
  </ItemGroup>
  <ItemGroup>
    <ClCompile Include="..\..\..\contrib\cpputils\src\core\cpputils_inscopecleaner.cpp">
      <Filter>Source Files</Filter>
    </ClCompile>
    <ClCompile Include="..\..\..\src\core\backtrace\crash_investigator_backtrace_unix.cpp">
      <Filter>Source Files\backtrace</Filter>
    </ClCompile>
    <ClCompile Include="..\..\..\src\core\backtrace\crash_investigator_backtrace_windows.cpp">
      <Filter>Source Files\backtrace</Filter>
    </ClCompile>
    <ClCompile Include="..\..\..\src\core\basic\crash_investigator_alloc_dealloc_analyze.cpp">
      <Filter>Source Files\basic</Filter>
    </ClCompile>
    <ClCompile Include="..\..\..\src\core\basic\crash_investigator_alloc_dealloc_unix.cpp">
      <Filter>Source Files\basic</Filter>
    </ClCompile>
    <ClCompile Include="..\..\..\src\core\basic\crash_investigator_alloc_dealloc_windows.cpp">
      <Filter>Source Files\basic</Filter>
    </ClCompile>
    <ClCompile Include="..\..\..\src\core\basic\crash_investigator_malloc_free.cpp">
      <Filter>Source Files\basic</Filter>
    </ClCompile>
    <ClCompile Include="..\..\..\src\core\basic\crash_investigator_new_delete.cpp">
      <Filter>Source Files\basic</Filter>
    </ClCompile>
    <ClCompile Include="..\..\..\src\core\basic\crash_investigator_windows_entry.c">
      <Filter>Source Files\basic</Filter>
    </ClCompile>
    <ClCompile Include="..\..\..\contrib\cpputils\src\core\cpputils_thread_local.cpp">
      <Filter>Source Files</Filter>
    </ClCompile>
  </ItemGroup>
  <ItemGroup>
    <None Include="cpp.hint" />
  </ItemGroup>
</Project>